// !$*UTF8*$!
{
	archiveVersion = 1;
	classes = {
	};
	objectVersion = 50;
	objects = {

/* Begin PBXBuildFile section */
		04264EBC23005A8800D3C9CA /* AppDelegate.swift in Sources */ = {isa = PBXBuildFile; fileRef = 04264EBB23005A8800D3C9CA /* AppDelegate.swift */; };
		04264EC123005A8800D3C9CA /* Main.storyboard in Resources */ = {isa = PBXBuildFile; fileRef = 04264EBF23005A8800D3C9CA /* Main.storyboard */; };
		04264EC323005A8900D3C9CA /* Assets.xcassets in Resources */ = {isa = PBXBuildFile; fileRef = 04264EC223005A8900D3C9CA /* Assets.xcassets */; };
		04264EC623005A8900D3C9CA /* LaunchScreen.storyboard in Resources */ = {isa = PBXBuildFile; fileRef = 04264EC423005A8900D3C9CA /* LaunchScreen.storyboard */; };
		04264ECE23005ABD00D3C9CA /* StarWarsHomeViewController.swift in Sources */ = {isa = PBXBuildFile; fileRef = 04264ECD23005ABD00D3C9CA /* StarWarsHomeViewController.swift */; };
		04264ED423005D5C00D3C9CA /* StarWarsHomeView.swift in Sources */ = {isa = PBXBuildFile; fileRef = 04264ED323005D5B00D3C9CA /* StarWarsHomeView.swift */; };
		04264EDA230067F400D3C9CA /* PeopleTableViewCell.swift in Sources */ = {isa = PBXBuildFile; fileRef = 04264ED9230067F400D3C9CA /* PeopleTableViewCell.swift */; };
		04264EDC230067FE00D3C9CA /* PlacesTableViewCell.swift in Sources */ = {isa = PBXBuildFile; fileRef = 04264EDB230067FE00D3C9CA /* PlacesTableViewCell.swift */; };
/* End PBXBuildFile section */

/* Begin PBXFileReference section */
		04264EB823005A8800D3C9CA /* HealthFirstApp.app */ = {isa = PBXFileReference; explicitFileType = wrapper.application; includeInIndex = 0; path = HealthFirstApp.app; sourceTree = BUILT_PRODUCTS_DIR; };
		04264EBB23005A8800D3C9CA /* AppDelegate.swift */ = {isa = PBXFileReference; lastKnownFileType = sourcecode.swift; path = AppDelegate.swift; sourceTree = "<group>"; };
		04264EC023005A8800D3C9CA /* Base */ = {isa = PBXFileReference; lastKnownFileType = file.storyboard; name = Base; path = Base.lproj/Main.storyboard; sourceTree = "<group>"; };
		04264EC223005A8900D3C9CA /* Assets.xcassets */ = {isa = PBXFileReference; lastKnownFileType = folder.assetcatalog; path = Assets.xcassets; sourceTree = "<group>"; };
		04264EC523005A8900D3C9CA /* Base */ = {isa = PBXFileReference; lastKnownFileType = file.storyboard; name = Base; path = Base.lproj/LaunchScreen.storyboard; sourceTree = "<group>"; };
		04264EC723005A8900D3C9CA /* Info.plist */ = {isa = PBXFileReference; lastKnownFileType = text.plist.xml; path = Info.plist; sourceTree = "<group>"; };
		04264ECD23005ABD00D3C9CA /* StarWarsHomeViewController.swift */ = {isa = PBXFileReference; lastKnownFileType = sourcecode.swift; path = StarWarsHomeViewController.swift; sourceTree = "<group>"; };
		04264ED323005D5B00D3C9CA /* StarWarsHomeView.swift */ = {isa = PBXFileReference; lastKnownFileType = sourcecode.swift; path = StarWarsHomeView.swift; sourceTree = "<group>"; };
		04264ED9230067F400D3C9CA /* PeopleTableViewCell.swift */ = {isa = PBXFileReference; lastKnownFileType = sourcecode.swift; path = PeopleTableViewCell.swift; sourceTree = "<group>"; };
		04264EDB230067FE00D3C9CA /* PlacesTableViewCell.swift */ = {isa = PBXFileReference; lastKnownFileType = sourcecode.swift; path = PlacesTableViewCell.swift; sourceTree = "<group>"; };
/* End PBXFileReference section */

/* Begin PBXFrameworksBuildPhase section */
		04264EB523005A8800D3C9CA /* Frameworks */ = {
			isa = PBXFrameworksBuildPhase;
			buildActionMask = 2147483647;
			files = (
			);
			runOnlyForDeploymentPostprocessing = 0;
		};
/* End PBXFrameworksBuildPhase section */

/* Begin PBXGroup section */
		04264EAF23005A8800D3C9CA = {
			isa = PBXGroup;
			children = (
				04264EBA23005A8800D3C9CA /* HealthFirstApp */,
				04264EB923005A8800D3C9CA /* Products */,
			);
			sourceTree = "<group>";
		};
		04264EB923005A8800D3C9CA /* Products */ = {
			isa = PBXGroup;
			children = (
				04264EB823005A8800D3C9CA /* HealthFirstApp.app */,
			);
			name = Products;
			sourceTree = "<group>";
		};
		04264EBA23005A8800D3C9CA /* HealthFirstApp */ = {
			isa = PBXGroup;
			children = (
				04264ED123005AE000D3C9CA /* Models */,
				04264ED023005AD600D3C9CA /* Views */,
				04264ECF23005ACB00D3C9CA /* Controllers */,
				04264ED223005AF100D3C9CA /* Supporting Files */,
				04264EBF23005A8800D3C9CA /* Main.storyboard */,
				04264EC223005A8900D3C9CA /* Assets.xcassets */,
				04264EC423005A8900D3C9CA /* LaunchScreen.storyboard */,
				04264EC723005A8900D3C9CA /* Info.plist */,
			);
			path = HealthFirstApp;
			sourceTree = "<group>";
		};
		04264ECF23005ACB00D3C9CA /* Controllers */ = {
			isa = PBXGroup;
			children = (
				04264ECD23005ABD00D3C9CA /* StarWarsHomeViewController.swift */,
			);
			path = Controllers;
			sourceTree = "<group>";
		};
		04264ED023005AD600D3C9CA /* Views */ = {
			isa = PBXGroup;
			children = (
				04264ED8230067D200D3C9CA /* Cells */,
				04264ED323005D5B00D3C9CA /* StarWarsHomeView.swift */,
			);
			path = Views;
			sourceTree = "<group>";
		};
		04264ED123005AE000D3C9CA /* Models */ = {
			isa = PBXGroup;
			children = (
			);
			path = Models;
			sourceTree = "<group>";
		};
		04264ED223005AF100D3C9CA /* Supporting Files */ = {
			isa = PBXGroup;
			children = (
				04264EBB23005A8800D3C9CA /* AppDelegate.swift */,
			);
			path = "Supporting Files";
			sourceTree = "<group>";
		};
		04264ED8230067D200D3C9CA /* Cells */ = {
			isa = PBXGroup;
			children = (
				04264ED9230067F400D3C9CA /* PeopleTableViewCell.swift */,
				04264EDB230067FE00D3C9CA /* PlacesTableViewCell.swift */,
			);
			path = Cells;
			sourceTree = "<group>";
		};
/* End PBXGroup section */

/* Begin PBXNativeTarget section */
		04264EB723005A8800D3C9CA /* HealthFirstApp */ = {
			isa = PBXNativeTarget;
			buildConfigurationList = 04264ECA23005A8900D3C9CA /* Build configuration list for PBXNativeTarget "HealthFirstApp" */;
			buildPhases = (
				04264EB423005A8800D3C9CA /* Sources */,
				04264EB523005A8800D3C9CA /* Frameworks */,
				04264EB623005A8800D3C9CA /* Resources */,
			);
			buildRules = (
			);
			dependencies = (
			);
			name = HealthFirstApp;
			productName = HealthFirstApp;
			productReference = 04264EB823005A8800D3C9CA /* HealthFirstApp.app */;
			productType = "com.apple.product-type.application";
		};
/* End PBXNativeTarget section */

/* Begin PBXProject section */
		04264EB023005A8800D3C9CA /* Project object */ = {
			isa = PBXProject;
			attributes = {
				LastSwiftUpdateCheck = 1020;
				LastUpgradeCheck = 1020;
				ORGANIZATIONNAME = "EnProTech Group";
				TargetAttributes = {
					04264EB723005A8800D3C9CA = {
						CreatedOnToolsVersion = 10.2;
					};
				};
			};
			buildConfigurationList = 04264EB323005A8800D3C9CA /* Build configuration list for PBXProject "HealthFirstApp" */;
			compatibilityVersion = "Xcode 9.3";
			developmentRegion = en;
			hasScannedForEncodings = 0;
			knownRegions = (
				en,
				Base,
			);
			mainGroup = 04264EAF23005A8800D3C9CA;
			productRefGroup = 04264EB923005A8800D3C9CA /* Products */;
			projectDirPath = "";
			projectRoot = "";
			targets = (
				04264EB723005A8800D3C9CA /* HealthFirstApp */,
			);
		};
/* End PBXProject section */

/* Begin PBXResourcesBuildPhase section */
		04264EB623005A8800D3C9CA /* Resources */ = {
			isa = PBXResourcesBuildPhase;
			buildActionMask = 2147483647;
			files = (
				04264EC623005A8900D3C9CA /* LaunchScreen.storyboard in Resources */,
				04264EC323005A8900D3C9CA /* Assets.xcassets in Resources */,
				04264EC123005A8800D3C9CA /* Main.storyboard in Resources */,
			);
			runOnlyForDeploymentPostprocessing = 0;
		};
/* End PBXResourcesBuildPhase section */

/* Begin PBXSourcesBuildPhase section */
		04264EB423005A8800D3C9CA /* Sources */ = {
			isa = PBXSourcesBuildPhase;
			buildActionMask = 2147483647;
			files = (
				04264EDC230067FE00D3C9CA /* PlacesTableViewCell.swift in Sources */,
				04264EDA230067F400D3C9CA /* PeopleTableViewCell.swift in Sources */,
				04264ECE23005ABD00D3C9CA /* StarWarsHomeViewController.swift in Sources */,
				04264ED423005D5C00D3C9CA /* StarWarsHomeView.swift in Sources */,
				04264EBC23005A8800D3C9CA /* AppDelegate.swift in Sources */,
			);
			runOnlyForDeploymentPostprocessing = 0;
		};
/* End PBXSourcesBuildPhase section */

/* Begin PBXVariantGroup section */
		04264EBF23005A8800D3C9CA /* Main.storyboard */ = {
			isa = PBXVariantGroup;
			children = (
				04264EC023005A8800D3C9CA /* Base */,
			);
			name = Main.storyboard;
			sourceTree = "<group>";
		};
		04264EC423005A8900D3C9CA /* LaunchScreen.storyboard */ = {
			isa = PBXVariantGroup;
			children = (
				04264EC523005A8900D3C9CA /* Base */,
			);
			name = LaunchScreen.storyboard;
			sourceTree = "<group>";
		};
/* End PBXVariantGroup section */

/* Begin XCBuildConfiguration section */
		04264EC823005A8900D3C9CA /* Debug */ = {
			isa = XCBuildConfiguration;
			buildSettings = {
				ALWAYS_SEARCH_USER_PATHS = NO;
				CLANG_ANALYZER_NONNULL = YES;
				CLANG_ANALYZER_NUMBER_OBJECT_CONVERSION = YES_AGGRESSIVE;
				CLANG_CXX_LANGUAGE_STANDARD = "gnu++14";
				CLANG_CXX_LIBRARY = "libc++";
				CLANG_ENABLE_MODULES = YES;
				CLANG_ENABLE_OBJC_ARC = YES;
				CLANG_ENABLE_OBJC_WEAK = YES;
				CLANG_WARN_BLOCK_CAPTURE_AUTORELEASING = YES;
				CLANG_WARN_BOOL_CONVERSION = YES;
				CLANG_WARN_COMMA = YES;
				CLANG_WARN_CONSTANT_CONVERSION = YES;
				CLANG_WARN_DEPRECATED_OBJC_IMPLEMENTATIONS = YES;
				CLANG_WARN_DIRECT_OBJC_ISA_USAGE = YES_ERROR;
				CLANG_WARN_DOCUMENTATION_COMMENTS = YES;
				CLANG_WARN_EMPTY_BODY = YES;
				CLANG_WARN_ENUM_CONVERSION = YES;
				CLANG_WARN_INFINITE_RECURSION = YES;
				CLANG_WARN_INT_CONVERSION = YES;
				CLANG_WARN_NON_LITERAL_NULL_CONVERSION = YES;
				CLANG_WARN_OBJC_IMPLICIT_RETAIN_SELF = YES;
				CLANG_WARN_OBJC_LITERAL_CONVERSION = YES;
				CLANG_WARN_OBJC_ROOT_CLASS = YES_ERROR;
				CLANG_WARN_RANGE_LOOP_ANALYSIS = YES;
				CLANG_WARN_STRICT_PROTOTYPES = YES;
				CLANG_WARN_SUSPICIOUS_MOVE = YES;
				CLANG_WARN_UNGUARDED_AVAILABILITY = YES_AGGRESSIVE;
				CLANG_WARN_UNREACHABLE_CODE = YES;
				CLANG_WARN__DUPLICATE_METHOD_MATCH = YES;
				CODE_SIGN_IDENTITY = "iPhone Developer";
				COPY_PHASE_STRIP = NO;
				DEBUG_INFORMATION_FORMAT = dwarf;
				ENABLE_STRICT_OBJC_MSGSEND = YES;
				ENABLE_TESTABILITY = YES;
				GCC_C_LANGUAGE_STANDARD = gnu11;
				GCC_DYNAMIC_NO_PIC = NO;
				GCC_NO_COMMON_BLOCKS = YES;
				GCC_OPTIMIZATION_LEVEL = 0;
				GCC_PREPROCESSOR_DEFINITIONS = (
					"DEBUG=1",
					"$(inherited)",
				);
				GCC_WARN_64_TO_32_BIT_CONVERSION = YES;
				GCC_WARN_ABOUT_RETURN_TYPE = YES_ERROR;
				GCC_WARN_UNDECLARED_SELECTOR = YES;
				GCC_WARN_UNINITIALIZED_AUTOS = YES_AGGRESSIVE;
				GCC_WARN_UNUSED_FUNCTION = YES;
				GCC_WARN_UNUSED_VARIABLE = YES;
				IPHONEOS_DEPLOYMENT_TARGET = 12.2;
				MTL_ENABLE_DEBUG_INFO = INCLUDE_SOURCE;
				MTL_FAST_MATH = YES;
				ONLY_ACTIVE_ARCH = YES;
				SDKROOT = iphoneos;
				SWIFT_ACTIVE_COMPILATION_CONDITIONS = DEBUG;
				SWIFT_OPTIMIZATION_LEVEL = "-Onone";
			};
			name = Debug;
		};
		04264EC923005A8900D3C9CA /* Release */ = {
			isa = XCBuildConfiguration;
			buildSettings = {
				ALWAYS_SEARCH_USER_PATHS = NO;
				CLANG_ANALYZER_NONNULL = YES;
				CLANG_ANALYZER_NUMBER_OBJECT_CONVERSION = YES_AGGRESSIVE;
				CLANG_CXX_LANGUAGE_STANDARD = "gnu++14";
				CLANG_CXX_LIBRARY = "libc++";
				CLANG_ENABLE_MODULES = YES;
				CLANG_ENABLE_OBJC_ARC = YES;
				CLANG_ENABLE_OBJC_WEAK = YES;
				CLANG_WARN_BLOCK_CAPTURE_AUTORELEASING = YES;
				CLANG_WARN_BOOL_CONVERSION = YES;
				CLANG_WARN_COMMA = YES;
				CLANG_WARN_CONSTANT_CONVERSION = YES;
				CLANG_WARN_DEPRECATED_OBJC_IMPLEMENTATIONS = YES;
				CLANG_WARN_DIRECT_OBJC_ISA_USAGE = YES_ERROR;
				CLANG_WARN_DOCUMENTATION_COMMENTS = YES;
				CLANG_WARN_EMPTY_BODY = YES;
				CLANG_WARN_ENUM_CONVERSION = YES;
				CLANG_WARN_INFINITE_RECURSION = YES;
				CLANG_WARN_INT_CONVERSION = YES;
				CLANG_WARN_NON_LITERAL_NULL_CONVERSION = YES;
				CLANG_WARN_OBJC_IMPLICIT_RETAIN_SELF = YES;
				CLANG_WARN_OBJC_LITERAL_CONVERSION = YES;
				CLANG_WARN_OBJC_ROOT_CLASS = YES_ERROR;
				CLANG_WARN_RANGE_LOOP_ANALYSIS = YES;
				CLANG_WARN_STRICT_PROTOTYPES = YES;
				CLANG_WARN_SUSPICIOUS_MOVE = YES;
				CLANG_WARN_UNGUARDED_AVAILABILITY = YES_AGGRESSIVE;
				CLANG_WARN_UNREACHABLE_CODE = YES;
				CLANG_WARN__DUPLICATE_METHOD_MATCH = YES;
				CODE_SIGN_IDENTITY = "iPhone Developer";
				COPY_PHASE_STRIP = NO;
				DEBUG_INFORMATION_FORMAT = "dwarf-with-dsym";
				ENABLE_NS_ASSERTIONS = NO;
				ENABLE_STRICT_OBJC_MSGSEND = YES;
				GCC_C_LANGUAGE_STANDARD = gnu11;
				GCC_NO_COMMON_BLOCKS = YES;
				GCC_WARN_64_TO_32_BIT_CONVERSION = YES;
				GCC_WARN_ABOUT_RETURN_TYPE = YES_ERROR;
				GCC_WARN_UNDECLARED_SELECTOR = YES;
				GCC_WARN_UNINITIALIZED_AUTOS = YES_AGGRESSIVE;
				GCC_WARN_UNUSED_FUNCTION = YES;
				GCC_WARN_UNUSED_VARIABLE = YES;
				IPHONEOS_DEPLOYMENT_TARGET = 12.2;
				MTL_ENABLE_DEBUG_INFO = NO;
				MTL_FAST_MATH = YES;
				SDKROOT = iphoneos;
				SWIFT_COMPILATION_MODE = wholemodule;
				SWIFT_OPTIMIZATION_LEVEL = "-O";
				VALIDATE_PRODUCT = YES;
			};
			name = Release;
		};
		04264ECB23005A8900D3C9CA /* Debug */ = {
			isa = XCBuildConfiguration;
			buildSettings = {
				ASSETCATALOG_COMPILER_APPICON_NAME = AppIcon;
				CODE_SIGN_STYLE = Automatic;
				DEVELOPMENT_TEAM = 697KD42Z5Z;
				INFOPLIST_FILE = HealthFirstApp/Info.plist;
				LD_RUNPATH_SEARCH_PATHS = (
					"$(inherited)",
					"@executable_path/Frameworks",
				);
				PRODUCT_BUNDLE_IDENTIFIER = org.EnproTech.HealthFirstApp;
				PRODUCT_NAME = "$(TARGET_NAME)";
				SWIFT_VERSION = 5.0;
				TARGETED_DEVICE_FAMILY = "1,2";
			};
			name = Debug;
		};
		04264ECC23005A8900D3C9CA /* Release */ = {
			isa = XCBuildConfiguration;
			buildSettings = {
				ASSETCATALOG_COMPILER_APPICON_NAME = AppIcon;
				CODE_SIGN_STYLE = Automatic;
				DEVELOPMENT_TEAM = 697KD42Z5Z;
				INFOPLIST_FILE = HealthFirstApp/Info.plist;
				LD_RUNPATH_SEARCH_PATHS = (
					"$(inherited)",
					"@executable_path/Frameworks",
				);
				PRODUCT_BUNDLE_IDENTIFIER = org.EnproTech.HealthFirstApp;
				PRODUCT_NAME = "$(TARGET_NAME)";
				SWIFT_VERSION = 5.0;
				TARGETED_DEVICE_FAMILY = "1,2";
			};
			name = Release;
		};
/* End XCBuildConfiguration section */

/* Begin XCConfigurationList section */
		04264EB323005A8800D3C9CA /* Build configuration list for PBXProject "HealthFirstApp" */ = {
			isa = XCConfigurationList;
			buildConfigurations = (
				04264EC823005A8900D3C9CA /* Debug */,
				04264EC923005A8900D3C9CA /* Release */,
			);
			defaultConfigurationIsVisible = 0;
			defaultConfigurationName = Release;
		};
		04264ECA23005A8900D3C9CA /* Build configuration list for PBXNativeTarget "HealthFirstApp" */ = {
			isa = XCConfigurationList;
			buildConfigurations = (
				04264ECB23005A8900D3C9CA /* Debug */,
				04264ECC23005A8900D3C9CA /* Release */,
			);
			defaultConfigurationIsVisible = 0;
			defaultConfigurationName = Release;
		};
/* End XCConfigurationList section */
	};
	rootObject = 04264EB023005A8800D3C9CA /* Project object */;
}
